
Microsoft Visual Studio Solution File, Format Version 12.00
# Visual Studio Version 17
VisualStudioVersion = 17.8.34330.188
MinimumVisualStudioVersion = 10.0.40219.1
Project("{FAE04EC0-301F-11D3-BF4B-00C04F79EFBC}") = "ToolsV3", "ToolsV3\ToolsV3.csproj", "{BEA7DD6F-3B57-4317-BF05-28C2B6E4EAC6}"
EndProject
Project("{9A19103F-16F7-4668-BE54-9A1E7A4F7556}") = "VManager", "VManager\VManager.csproj", "{71568CAE-45B6-4C64-BBB3-0ED8D2E1E765}"
EndProject
Project("{9A19103F-16F7-4668-BE54-9A1E7A4F7556}") = "ToolsV.CLI", "ToolsV.CLI\ToolsV.CLI.csproj", "{2520899E-F25B-4D46-92D3-D48AAB7FBAF2}"
	ProjectSection(ProjectDependencies) = postProject
		{71568CAE-45B6-4C64-BBB3-0ED8D2E1E765} = {71568CAE-45B6-4C64-BBB3-0ED8D2E1E765}
	EndProjectSection
EndProject
Project("{FAE04EC0-301F-11D3-BF4B-00C04F79EFBC}") = "ToolsV.GUI", "ToolsV.GUI\ToolsV.GUI.csproj", "{1DDC3A7C-BE6A-4ED5-A162-717A76A5DDB0}"
EndProject
Global
	GlobalSection(SolutionConfigurationPlatforms) = preSolution
		Debug|Any CPU = Debug|Any CPU
		Release|Any CPU = Release|Any CPU
	EndGlobalSection
	GlobalSection(ProjectConfigurationPlatforms) = postSolution
		{BEA7DD6F-3B57-4317-BF05-28C2B6E4EAC6}.Debug|Any CPU.ActiveCfg = Debug|Any CPU
		{BEA7DD6F-3B57-4317-BF05-28C2B6E4EAC6}.Debug|Any CPU.Build.0 = Debug|Any CPU
		{BEA7DD6F-3B57-4317-BF05-28C2B6E4EAC6}.Release|Any CPU.ActiveCfg = Release|Any CPU
		{BEA7DD6F-3B57-4317-BF05-28C2B6E4EAC6}.Release|Any CPU.Build.0 = Release|Any CPU
		{71568CAE-45B6-4C64-BBB3-0ED8D2E1E765}.Debug|Any CPU.ActiveCfg = Debug|Any CPU
		{71568CAE-45B6-4C64-BBB3-0ED8D2E1E765}.Debug|Any CPU.Build.0 = Debug|Any CPU
		{71568CAE-45B6-4C64-BBB3-0ED8D2E1E765}.Release|Any CPU.ActiveCfg = Release|Any CPU
		{71568CAE-45B6-4C64-BBB3-0ED8D2E1E765}.Release|Any CPU.Build.0 = Release|Any CPU
		{2520899E-F25B-4D46-92D3-D48AAB7FBAF2}.Debug|Any CPU.ActiveCfg = Debug|Any CPU
		{2520899E-F25B-4D46-92D3-D48AAB7FBAF2}.Debug|Any CPU.Build.0 = Debug|Any CPU
		{2520899E-F25B-4D46-92D3-D48AAB7FBAF2}.Release|Any CPU.ActiveCfg = Release|Any CPU
		{2520899E-F25B-4D46-92D3-D48AAB7FBAF2}.Release|Any CPU.Build.0 = Release|Any CPU
		{1DDC3A7C-BE6A-4ED5-A162-717A76A5DDB0}.Debug|Any CPU.ActiveCfg = Debug|Any CPU
		{1DDC3A7C-BE6A-4ED5-A162-717A76A5DDB0}.Debug|Any CPU.Build.0 = Debug|Any CPU
		{1DDC3A7C-BE6A-4ED5-A162-717A76A5DDB0}.Release|Any CPU.ActiveCfg = Release|Any CPU
		{1DDC3A7C-BE6A-4ED5-A162-717A76A5DDB0}.Release|Any CPU.Build.0 = Release|Any CPU
	EndGlobalSection
	GlobalSection(SolutionProperties) = preSolution
		HideSolutionNode = FALSE
	EndGlobalSection
	GlobalSection(ExtensibilityGlobals) = postSolution
		SolutionGuid = {2A73CFBB-1D6F-4A6E-B558-FD5D1458E9DF}
	EndGlobalSection
EndGlobal
